
Microsoft Visual Studio Solution File, Format Version 12.00
# Visual Studio Version 16
VisualStudioVersion = 16.0.31229.75
MinimumVisualStudioVersion = 10.0.40219.1
Project("{FAE04EC0-301F-11D3-BF4B-00C04F79EFBC}") = "CarsAPI", "CarsAPI\CarsAPI.csproj", "{CD2F1BAB-6183-4757-BEFB-9F3C1759560D}"
EndProject
Global
	GlobalSection(SolutionConfigurationPlatforms) = preSolution
		Debug|Any CPU = Debug|Any CPU
		Release|Any CPU = Release|Any CPU
	EndGlobalSection
	GlobalSection(ProjectConfigurationPlatforms) = postSolution
		{CD2F1BAB-6183-4757-BEFB-9F3C1759560D}.Debug|Any CPU.ActiveCfg = Debug|Any CPU
		{CD2F1BAB-6183-4757-BEFB-9F3C1759560D}.Debug|Any CPU.Build.0 = Debug|Any CPU
		{CD2F1BAB-6183-4757-BEFB-9F3C1759560D}.Release|Any CPU.ActiveCfg = Release|Any CPU
		{CD2F1BAB-6183-4757-BEFB-9F3C1759560D}.Release|Any CPU.Build.0 = Release|Any CPU
	EndGlobalSection
	GlobalSection(SolutionProperties) = preSolution
		HideSolutionNode = FALSE
	EndGlobalSection
	GlobalSection(ExtensibilityGlobals) = postSolution
		SolutionGuid = {550CE357-E47E-47B5-B536-C3B50FFBDF21}
	EndGlobalSection
EndGlobal
